
Microsoft Visual Studio Solution File, Format Version 12.00
# Visual Studio Version 17
VisualStudioVersion = 17.0.31903.59
MinimumVisualStudioVersion = 10.0.40219.1
Project("{2150E333-8FDC-42A3-9474-1A3956D46DE8}") = "src", "src", "{827E0CD3-B72D-47B6-A68D-7590B98EB39B}"
EndProject
Project("{FAE04EC0-301F-11D3-BF4B-00C04F79EFBC}") = "Machine.App", "src\Machine.App\Machine.App.csproj", "{328FBA12-77FE-41DB-A7F3-ADFDC61B48E4}"
EndProject
Project("{FAE04EC0-301F-11D3-BF4B-00C04F79EFBC}") = "Machine.Core", "src\Machine.Core\Machine.Core.csproj", "{2E147F6F-0326-4B96-B7BB-ECC1DD29F74F}"
EndProject
Project("{FAE04EC0-301F-11D3-BF4B-00C04F79EFBC}") = "Machine.Windows", "src\Machine.Windows\Machine.Windows.csproj", "{43ED8219-B534-42BD-AD78-F0B6557A7219}"
EndProject
Project("{2150E333-8FDC-42A3-9474-1A3956D46DE8}") = "tests", "tests", "{0AB3BF05-4346-4AA6-1389-037BE0695223}"
EndProject
Project("{FAE04EC0-301F-11D3-BF4B-00C04F79EFBC}") = "Machine.Tests", "tests\Machine.Tests\Machine.Tests.csproj", "{5A3590FB-783C-4AE2-93D7-7D584F398458}"
EndProject
Global
	GlobalSection(SolutionConfigurationPlatforms) = preSolution
		Debug|Any CPU = Debug|Any CPU
		Debug|x64 = Debug|x64
		Debug|x86 = Debug|x86
		Release|Any CPU = Release|Any CPU
		Release|x64 = Release|x64
		Release|x86 = Release|x86
	EndGlobalSection
	GlobalSection(ProjectConfigurationPlatforms) = postSolution
		{328FBA12-77FE-41DB-A7F3-ADFDC61B48E4}.Debug|Any CPU.ActiveCfg = Debug|x86
		{328FBA12-77FE-41DB-A7F3-ADFDC61B48E4}.Debug|Any CPU.Build.0 = Debug|x86
		{328FBA12-77FE-41DB-A7F3-ADFDC61B48E4}.Debug|x64.ActiveCfg = Debug|x64
		{328FBA12-77FE-41DB-A7F3-ADFDC61B48E4}.Debug|x64.Build.0 = Debug|x64
		{328FBA12-77FE-41DB-A7F3-ADFDC61B48E4}.Debug|x86.ActiveCfg = Debug|x86
		{328FBA12-77FE-41DB-A7F3-ADFDC61B48E4}.Debug|x86.Build.0 = Debug|x86
		{328FBA12-77FE-41DB-A7F3-ADFDC61B48E4}.Release|Any CPU.ActiveCfg = Release|x86
		{328FBA12-77FE-41DB-A7F3-ADFDC61B48E4}.Release|Any CPU.Build.0 = Release|x86
		{328FBA12-77FE-41DB-A7F3-ADFDC61B48E4}.Release|x64.ActiveCfg = Release|x64
		{328FBA12-77FE-41DB-A7F3-ADFDC61B48E4}.Release|x64.Build.0 = Release|x64
		{328FBA12-77FE-41DB-A7F3-ADFDC61B48E4}.Release|x86.ActiveCfg = Release|x86
		{328FBA12-77FE-41DB-A7F3-ADFDC61B48E4}.Release|x86.Build.0 = Release|x86
		{2E147F6F-0326-4B96-B7BB-ECC1DD29F74F}.Debug|Any CPU.ActiveCfg = Debug|Any CPU
		{2E147F6F-0326-4B96-B7BB-ECC1DD29F74F}.Debug|Any CPU.Build.0 = Debug|Any CPU
		{2E147F6F-0326-4B96-B7BB-ECC1DD29F74F}.Debug|x64.ActiveCfg = Debug|Any CPU
		{2E147F6F-0326-4B96-B7BB-ECC1DD29F74F}.Debug|x64.Build.0 = Debug|Any CPU
		{2E147F6F-0326-4B96-B7BB-ECC1DD29F74F}.Debug|x86.ActiveCfg = Debug|Any CPU
		{2E147F6F-0326-4B96-B7BB-ECC1DD29F74F}.Debug|x86.Build.0 = Debug|Any CPU
		{2E147F6F-0326-4B96-B7BB-ECC1DD29F74F}.Release|Any CPU.ActiveCfg = Release|Any CPU
		{2E147F6F-0326-4B96-B7BB-ECC1DD29F74F}.Release|Any CPU.Build.0 = Release|Any CPU
		{2E147F6F-0326-4B96-B7BB-ECC1DD29F74F}.Release|x64.ActiveCfg = Release|Any CPU
		{2E147F6F-0326-4B96-B7BB-ECC1DD29F74F}.Release|x64.Build.0 = Release|Any CPU
		{2E147F6F-0326-4B96-B7BB-ECC1DD29F74F}.Release|x86.ActiveCfg = Release|Any CPU
		{2E147F6F-0326-4B96-B7BB-ECC1DD29F74F}.Release|x86.Build.0 = Release|Any CPU
		{43ED8219-B534-42BD-AD78-F0B6557A7219}.Debug|Any CPU.ActiveCfg = Debug|Any CPU
		{43ED8219-B534-42BD-AD78-F0B6557A7219}.Debug|Any CPU.Build.0 = Debug|Any CPU
		{43ED8219-B534-42BD-AD78-F0B6557A7219}.Debug|x64.ActiveCfg = Debug|Any CPU
		{43ED8219-B534-42BD-AD78-F0B6557A7219}.Debug|x64.Build.0 = Debug|Any CPU
		{43ED8219-B534-42BD-AD78-F0B6557A7219}.Debug|x86.ActiveCfg = Debug|Any CPU
		{43ED8219-B534-42BD-AD78-F0B6557A7219}.Debug|x86.Build.0 = Debug|Any CPU
		{43ED8219-B534-42BD-AD78-F0B6557A7219}.Release|Any CPU.ActiveCfg = Release|Any CPU
		{43ED8219-B534-42BD-AD78-F0B6557A7219}.Release|Any CPU.Build.0 = Release|Any CPU
		{43ED8219-B534-42BD-AD78-F0B6557A7219}.Release|x64.ActiveCfg = Release|Any CPU
		{43ED8219-B534-42BD-AD78-F0B6557A7219}.Release|x64.Build.0 = Release|Any CPU
		{43ED8219-B534-42BD-AD78-F0B6557A7219}.Release|x86.ActiveCfg = Release|Any CPU
		{43ED8219-B534-42BD-AD78-F0B6557A7219}.Release|x86.Build.0 = Release|Any CPU
		{5A3590FB-783C-4AE2-93D7-7D584F398458}.Debug|Any CPU.ActiveCfg = Debug|Any CPU
		{5A3590FB-783C-4AE2-93D7-7D584F398458}.Debug|Any CPU.Build.0 = Debug|Any CPU
		{5A3590FB-783C-4AE2-93D7-7D584F398458}.Debug|x64.ActiveCfg = Debug|Any CPU
		{5A3590FB-783C-4AE2-93D7-7D584F398458}.Debug|x64.Build.0 = Debug|Any CPU
		{5A3590FB-783C-4AE2-93D7-7D584F398458}.Debug|x86.ActiveCfg = Debug|Any CPU
		{5A3590FB-783C-4AE2-93D7-7D584F398458}.Debug|x86.Build.0 = Debug|Any CPU
		{5A3590FB-783C-4AE2-93D7-7D584F398458}.Release|Any CPU.ActiveCfg = Release|Any CPU
		{5A3590FB-783C-4AE2-93D7-7D584F398458}.Release|Any CPU.Build.0 = Release|Any CPU
		{5A3590FB-783C-4AE2-93D7-7D584F398458}.Release|x64.ActiveCfg = Release|Any CPU
		{5A3590FB-783C-4AE2-93D7-7D584F398458}.Release|x64.Build.0 = Release|Any CPU
		{5A3590FB-783C-4AE2-93D7-7D584F398458}.Release|x86.ActiveCfg = Release|Any CPU
		{5A3590FB-783C-4AE2-93D7-7D584F398458}.Release|x86.Build.0 = Release|Any CPU
	EndGlobalSection
	GlobalSection(SolutionProperties) = preSolution
		HideSolutionNode = FALSE
	EndGlobalSection
	GlobalSection(NestedProjects) = preSolution
		{328FBA12-77FE-41DB-A7F3-ADFDC61B48E4} = {827E0CD3-B72D-47B6-A68D-7590B98EB39B}
		{2E147F6F-0326-4B96-B7BB-ECC1DD29F74F} = {827E0CD3-B72D-47B6-A68D-7590B98EB39B}
		{43ED8219-B534-42BD-AD78-F0B6557A7219} = {827E0CD3-B72D-47B6-A68D-7590B98EB39B}
		{5A3590FB-783C-4AE2-93D7-7D584F398458} = {0AB3BF05-4346-4AA6-1389-037BE0695223}
	EndGlobalSection
EndGlobal
